// !$*UTF8*$!
{
	archiveVersion = 1;
	classes = {
	};
	objectVersion = 55;
	objects = {

/* Begin PBXBuildFile section */
		501980F2285E3421000A464D /* Tests_iOS.swift in Sources */ = {isa = PBXBuildFile; fileRef = 501980F1285E3421000A464D /* Tests_iOS.swift */; };
		501980F4285E3421000A464D /* Tests_iOSLaunchTests.swift in Sources */ = {isa = PBXBuildFile; fileRef = 501980F3285E3421000A464D /* Tests_iOSLaunchTests.swift */; };
		501980FE285E3421000A464D /* Tests_macOS.swift in Sources */ = {isa = PBXBuildFile; fileRef = 501980FD285E3421000A464D /* Tests_macOS.swift */; };
		50198100285E3421000A464D /* Tests_macOSLaunchTests.swift in Sources */ = {isa = PBXBuildFile; fileRef = 501980FF285E3421000A464D /* Tests_macOSLaunchTests.swift */; };
		50198101285E3421000A464D /* canyouspeakApp.swift in Sources */ = {isa = PBXBuildFile; fileRef = 501980D9285E341D000A464D /* canyouspeakApp.swift */; };
		50198102285E3421000A464D /* canyouspeakApp.swift in Sources */ = {isa = PBXBuildFile; fileRef = 501980D9285E341D000A464D /* canyouspeakApp.swift */; };
		50198103285E3421000A464D /* ContentView.swift in Sources */ = {isa = PBXBuildFile; fileRef = 501980DA285E341D000A464D /* ContentView.swift */; };
		50198104285E3421000A464D /* ContentView.swift in Sources */ = {isa = PBXBuildFile; fileRef = 501980DA285E341D000A464D /* ContentView.swift */; };
		50198105285E3421000A464D /* Assets.xcassets in Resources */ = {isa = PBXBuildFile; fileRef = 501980DB285E3421000A464D /* Assets.xcassets */; };
		50198106285E3421000A464D /* Assets.xcassets in Resources */ = {isa = PBXBuildFile; fileRef = 501980DB285E3421000A464D /* Assets.xcassets */; };
/* End PBXBuildFile section */

/* Begin PBXContainerItemProxy section */
		501980EE285E3421000A464D /* PBXContainerItemProxy */ = {
			isa = PBXContainerItemProxy;
			containerPortal = 501980D4285E341C000A464D /* Project object */;
			proxyType = 1;
			remoteGlobalIDString = 501980DF285E3421000A464D;
			remoteInfo = "canyouspeak (iOS)";
		};
		501980FA285E3421000A464D /* PBXContainerItemProxy */ = {
			isa = PBXContainerItemProxy;
			containerPortal = 501980D4285E341C000A464D /* Project object */;
			proxyType = 1;
			remoteGlobalIDString = 501980E5285E3421000A464D;
			remoteInfo = "canyouspeak (macOS)";
		};
/* End PBXContainerItemProxy section */

/* Begin PBXFileReference section */
		501980D9285E341D000A464D /* canyouspeakApp.swift */ = {isa = PBXFileReference; lastKnownFileType = sourcecode.swift; path = canyouspeakApp.swift; sourceTree = "<group>"; };
		501980DA285E341D000A464D /* ContentView.swift */ = {isa = PBXFileReference; lastKnownFileType = sourcecode.swift; path = ContentView.swift; sourceTree = "<group>"; };
		501980DB285E3421000A464D /* Assets.xcassets */ = {isa = PBXFileReference; lastKnownFileType = folder.assetcatalog; path = Assets.xcassets; sourceTree = "<group>"; };
		501980E0285E3421000A464D /* canyouspeak.app */ = {isa = PBXFileReference; explicitFileType = wrapper.application; includeInIndex = 0; path = canyouspeak.app; sourceTree = BUILT_PRODUCTS_DIR; };
		501980E6285E3421000A464D /* canyouspeak.app */ = {isa = PBXFileReference; explicitFileType = wrapper.application; includeInIndex = 0; path = canyouspeak.app; sourceTree = BUILT_PRODUCTS_DIR; };
		501980E8285E3421000A464D /* macOS.entitlements */ = {isa = PBXFileReference; lastKnownFileType = text.plist.entitlements; path = macOS.entitlements; sourceTree = "<group>"; };
		501980ED285E3421000A464D /* Tests iOS.xctest */ = {isa = PBXFileReference; explicitFileType = wrapper.cfbundle; includeInIndex = 0; path = "Tests iOS.xctest"; sourceTree = BUILT_PRODUCTS_DIR; };
		501980F1285E3421000A464D /* Tests_iOS.swift */ = {isa = PBXFileReference; lastKnownFileType = sourcecode.swift; path = Tests_iOS.swift; sourceTree = "<group>"; };
		501980F3285E3421000A464D /* Tests_iOSLaunchTests.swift */ = {isa = PBXFileReference; lastKnownFileType = sourcecode.swift; path = Tests_iOSLaunchTests.swift; sourceTree = "<group>"; };
		501980F9285E3421000A464D /* Tests macOS.xctest */ = {isa = PBXFileReference; explicitFileType = wrapper.cfbundle; includeInIndex = 0; path = "Tests macOS.xctest"; sourceTree = BUILT_PRODUCTS_DIR; };
		501980FD285E3421000A464D /* Tests_macOS.swift */ = {isa = PBXFileReference; lastKnownFileType = sourcecode.swift; path = Tests_macOS.swift; sourceTree = "<group>"; };
		501980FF285E3421000A464D /* Tests_macOSLaunchTests.swift */ = {isa = PBXFileReference; lastKnownFileType = sourcecode.swift; path = Tests_macOSLaunchTests.swift; sourceTree = "<group>"; };
/* End PBXFileReference section */

/* Begin PBXFrameworksBuildPhase section */
		501980DD285E3421000A464D /* Frameworks */ = {
			isa = PBXFrameworksBuildPhase;
			buildActionMask = 2147483647;
			files = (
			);
			runOnlyForDeploymentPostprocessing = 0;
		};
		501980E3285E3421000A464D /* Frameworks */ = {
			isa = PBXFrameworksBuildPhase;
			buildActionMask = 2147483647;
			files = (
			);
			runOnlyForDeploymentPostprocessing = 0;
		};
		501980EA285E3421000A464D /* Frameworks */ = {
			isa = PBXFrameworksBuildPhase;
			buildActionMask = 2147483647;
			files = (
			);
			runOnlyForDeploymentPostprocessing = 0;
		};
		501980F6285E3421000A464D /* Frameworks */ = {
			isa = PBXFrameworksBuildPhase;
			buildActionMask = 2147483647;
			files = (
			);
			runOnlyForDeploymentPostprocessing = 0;
		};
/* End PBXFrameworksBuildPhase section */

/* Begin PBXGroup section */
		501980D3285E341C000A464D = {
			isa = PBXGroup;
			children = (
				501980D8285E341D000A464D /* Shared */,
				501980E7285E3421000A464D /* macOS */,
				501980F0285E3421000A464D /* Tests iOS */,
				501980FC285E3421000A464D /* Tests macOS */,
				501980E1285E3421000A464D /* Products */,
			);
			sourceTree = "<group>";
		};
		501980D8285E341D000A464D /* Shared */ = {
			isa = PBXGroup;
			children = (
				501980D9285E341D000A464D /* canyouspeakApp.swift */,
				501980DA285E341D000A464D /* ContentView.swift */,
				501980DB285E3421000A464D /* Assets.xcassets */,
			);
			path = Shared;
			sourceTree = "<group>";
		};
		501980E1285E3421000A464D /* Products */ = {
			isa = PBXGroup;
			children = (
				501980E0285E3421000A464D /* canyouspeak.app */,
				501980E6285E3421000A464D /* canyouspeak.app */,
				501980ED285E3421000A464D /* Tests iOS.xctest */,
				501980F9285E3421000A464D /* Tests macOS.xctest */,
			);
			name = Products;
			sourceTree = "<group>";
		};
		501980E7285E3421000A464D /* macOS */ = {
			isa = PBXGroup;
			children = (
				501980E8285E3421000A464D /* macOS.entitlements */,
			);
			path = macOS;
			sourceTree = "<group>";
		};
		501980F0285E3421000A464D /* Tests iOS */ = {
			isa = PBXGroup;
			children = (
				501980F1285E3421000A464D /* Tests_iOS.swift */,
				501980F3285E3421000A464D /* Tests_iOSLaunchTests.swift */,
			);
			path = "Tests iOS";
			sourceTree = "<group>";
		};
		501980FC285E3421000A464D /* Tests macOS */ = {
			isa = PBXGroup;
			children = (
				501980FD285E3421000A464D /* Tests_macOS.swift */,
				501980FF285E3421000A464D /* Tests_macOSLaunchTests.swift */,
			);
			path = "Tests macOS";
			sourceTree = "<group>";
		};
/* End PBXGroup section */

/* Begin PBXNativeTarget section */
		501980DF285E3421000A464D /* canyouspeak (iOS) */ = {
			isa = PBXNativeTarget;
			buildConfigurationList = 50198109285E3421000A464D /* Build configuration list for PBXNativeTarget "canyouspeak (iOS)" */;
			buildPhases = (
				501980DC285E3421000A464D /* Sources */,
				501980DD285E3421000A464D /* Frameworks */,
				501980DE285E3421000A464D /* Resources */,
			);
			buildRules = (
			);
			dependencies = (
			);
			name = "canyouspeak (iOS)";
			productName = "canyouspeak (iOS)";
			productReference = 501980E0285E3421000A464D /* canyouspeak.app */;
			productType = "com.apple.product-type.application";
		};
		501980E5285E3421000A464D /* canyouspeak (macOS) */ = {
			isa = PBXNativeTarget;
			buildConfigurationList = 5019810C285E3421000A464D /* Build configuration list for PBXNativeTarget "canyouspeak (macOS)" */;
			buildPhases = (
				501980E2285E3421000A464D /* Sources */,
				501980E3285E3421000A464D /* Frameworks */,
				501980E4285E3421000A464D /* Resources */,
			);
			buildRules = (
			);
			dependencies = (
			);
			name = "canyouspeak (macOS)";
			productName = "canyouspeak (macOS)";
			productReference = 501980E6285E3421000A464D /* canyouspeak.app */;
			productType = "com.apple.product-type.application";
		};
		501980EC285E3421000A464D /* Tests iOS */ = {
			isa = PBXNativeTarget;
			buildConfigurationList = 5019810F285E3421000A464D /* Build configuration list for PBXNativeTarget "Tests iOS" */;
			buildPhases = (
				501980E9285E3421000A464D /* Sources */,
				501980EA285E3421000A464D /* Frameworks */,
				501980EB285E3421000A464D /* Resources */,
			);
			buildRules = (
			);
			dependencies = (
				501980EF285E3421000A464D /* PBXTargetDependency */,
			);
			name = "Tests iOS";
			productName = "Tests iOS";
			productReference = 501980ED285E3421000A464D /* Tests iOS.xctest */;
			productType = "com.apple.product-type.bundle.ui-testing";
		};
		501980F8285E3421000A464D /* Tests macOS */ = {
			isa = PBXNativeTarget;
			buildConfigurationList = 50198112285E3421000A464D /* Build configuration list for PBXNativeTarget "Tests macOS" */;
			buildPhases = (
				501980F5285E3421000A464D /* Sources */,
				501980F6285E3421000A464D /* Frameworks */,
				501980F7285E3421000A464D /* Resources */,
			);
			buildRules = (
			);
			dependencies = (
				501980FB285E3421000A464D /* PBXTargetDependency */,
			);
			name = "Tests macOS";
			productName = "Tests macOS";
			productReference = 501980F9285E3421000A464D /* Tests macOS.xctest */;
			productType = "com.apple.product-type.bundle.ui-testing";
		};
/* End PBXNativeTarget section */

/* Begin PBXProject section */
		501980D4285E341C000A464D /* Project object */ = {
			isa = PBXProject;
			attributes = {
				BuildIndependentTargetsInParallel = 1;
				LastSwiftUpdateCheck = 1340;
				LastUpgradeCheck = 1340;
				TargetAttributes = {
					501980DF285E3421000A464D = {
						CreatedOnToolsVersion = 13.4.1;
					};
					501980E5285E3421000A464D = {
						CreatedOnToolsVersion = 13.4.1;
					};
					501980EC285E3421000A464D = {
						CreatedOnToolsVersion = 13.4.1;
						TestTargetID = 501980DF285E3421000A464D;
					};
					501980F8285E3421000A464D = {
						CreatedOnToolsVersion = 13.4.1;
						TestTargetID = 501980E5285E3421000A464D;
					};
				};
			};
			buildConfigurationList = 501980D7285E341C000A464D /* Build configuration list for PBXProject "canyouspeak" */;
			compatibilityVersion = "Xcode 13.0";
			developmentRegion = en;
			hasScannedForEncodings = 0;
			knownRegions = (
				en,
				Base,
			);
			mainGroup = 501980D3285E341C000A464D;
			productRefGroup = 501980E1285E3421000A464D /* Products */;
			projectDirPath = "";
			projectRoot = "";
			targets = (
				501980DF285E3421000A464D /* canyouspeak (iOS) */,
				501980E5285E3421000A464D /* canyouspeak (macOS) */,
				501980EC285E3421000A464D /* Tests iOS */,
				501980F8285E3421000A464D /* Tests macOS */,
			);
		};
/* End PBXProject section */

/* Begin PBXResourcesBuildPhase section */
		501980DE285E3421000A464D /* Resources */ = {
			isa = PBXResourcesBuildPhase;
			buildActionMask = 2147483647;
			files = (
				50198105285E3421000A464D /* Assets.xcassets in Resources */,
			);
			runOnlyForDeploymentPostprocessing = 0;
		};
		501980E4285E3421000A464D /* Resources */ = {
			isa = PBXResourcesBuildPhase;
			buildActionMask = 2147483647;
			files = (
				50198106285E3421000A464D /* Assets.xcassets in Resources */,
			);
			runOnlyForDeploymentPostprocessing = 0;
		};
		501980EB285E3421000A464D /* Resources */ = {
			isa = PBXResourcesBuildPhase;
			buildActionMask = 2147483647;
			files = (
			);
			runOnlyForDeploymentPostprocessing = 0;
		};
		501980F7285E3421000A464D /* Resources */ = {
			isa = PBXResourcesBuildPhase;
			buildActionMask = 2147483647;
			files = (
			);
			runOnlyForDeploymentPostprocessing = 0;
		};
/* End PBXResourcesBuildPhase section */

/* Begin PBXSourcesBuildPhase section */
		501980DC285E3421000A464D /* Sources */ = {
			isa = PBXSourcesBuildPhase;
			buildActionMask = 2147483647;
			files = (
				50198103285E3421000A464D /* ContentView.swift in Sources */,
				50198101285E3421000A464D /* canyouspeakApp.swift in Sources */,
			);
			runOnlyForDeploymentPostprocessing = 0;
		};
		501980E2285E3421000A464D /* Sources */ = {
			isa = PBXSourcesBuildPhase;
			buildActionMask = 2147483647;
			files = (
				50198104285E3421000A464D /* ContentView.swift in Sources */,
				50198102285E3421000A464D /* canyouspeakApp.swift in Sources */,
			);
			runOnlyForDeploymentPostprocessing = 0;
		};
		501980E9285E3421000A464D /* Sources */ = {
			isa = PBXSourcesBuildPhase;
			buildActionMask = 2147483647;
			files = (
				501980F4285E3421000A464D /* Tests_iOSLaunchTests.swift in Sources */,
				501980F2285E3421000A464D /* Tests_iOS.swift in Sources */,
			);
			runOnlyForDeploymentPostprocessing = 0;
		};
		501980F5285E3421000A464D /* Sources */ = {
			isa = PBXSourcesBuildPhase;
			buildActionMask = 2147483647;
			files = (
				50198100285E3421000A464D /* Tests_macOSLaunchTests.swift in Sources */,
				501980FE285E3421000A464D /* Tests_macOS.swift in Sources */,
			);
			runOnlyForDeploymentPostprocessing = 0;
		};
/* End PBXSourcesBuildPhase section */

/* Begin PBXTargetDependency section */
		501980EF285E3421000A464D /* PBXTargetDependency */ = {
			isa = PBXTargetDependency;
			target = 501980DF285E3421000A464D /* canyouspeak (iOS) */;
			targetProxy = 501980EE285E3421000A464D /* PBXContainerItemProxy */;
		};
		501980FB285E3421000A464D /* PBXTargetDependency */ = {
			isa = PBXTargetDependency;
			target = 501980E5285E3421000A464D /* canyouspeak (macOS) */;
			targetProxy = 501980FA285E3421000A464D /* PBXContainerItemProxy */;
		};
/* End PBXTargetDependency section */

/* Begin XCBuildConfiguration section */
		50198107285E3421000A464D /* Debug */ = {
			isa = XCBuildConfiguration;
			buildSettings = {
				ALWAYS_SEARCH_USER_PATHS = NO;
				CLANG_ANALYZER_NONNULL = YES;
				CLANG_ANALYZER_NUMBER_OBJECT_CONVERSION = YES_AGGRESSIVE;
				CLANG_CXX_LANGUAGE_STANDARD = "gnu++17";
				CLANG_ENABLE_MODULES = YES;
				CLANG_ENABLE_OBJC_ARC = YES;
				CLANG_ENABLE_OBJC_WEAK = YES;
				CLANG_WARN_BLOCK_CAPTURE_AUTORELEASING = YES;
				CLANG_WARN_BOOL_CONVERSION = YES;
				CLANG_WARN_COMMA = YES;
				CLANG_WARN_CONSTANT_CONVERSION = YES;
				CLANG_WARN_DEPRECATED_OBJC_IMPLEMENTATIONS = YES;
				CLANG_WARN_DIRECT_OBJC_ISA_USAGE = YES_ERROR;
				CLANG_WARN_DOCUMENTATION_COMMENTS = YES;
				CLANG_WARN_EMPTY_BODY = YES;
				CLANG_WARN_ENUM_CONVERSION = YES;
				CLANG_WARN_INFINITE_RECURSION = YES;
				CLANG_WARN_INT_CONVERSION = YES;
				CLANG_WARN_NON_LITERAL_NULL_CONVERSION = YES;
				CLANG_WARN_OBJC_IMPLICIT_RETAIN_SELF = YES;
				CLANG_WARN_OBJC_LITERAL_CONVERSION = YES;
				CLANG_WARN_OBJC_ROOT_CLASS = YES_ERROR;
				CLANG_WARN_QUOTED_INCLUDE_IN_FRAMEWORK_HEADER = YES;
				CLANG_WARN_RANGE_LOOP_ANALYSIS = YES;
				CLANG_WARN_STRICT_PROTOTYPES = YES;
				CLANG_WARN_SUSPICIOUS_MOVE = YES;
				CLANG_WARN_UNGUARDED_AVAILABILITY = YES_AGGRESSIVE;
				CLANG_WARN_UNREACHABLE_CODE = YES;
				CLANG_WARN__DUPLICATE_METHOD_MATCH = YES;
				COPY_PHASE_STRIP = NO;
				DEBUG_INFORMATION_FORMAT = dwarf;
				ENABLE_STRICT_OBJC_MSGSEND = YES;
				ENABLE_TESTABILITY = YES;
				GCC_C_LANGUAGE_STANDARD = gnu11;
				GCC_DYNAMIC_NO_PIC = NO;
				GCC_NO_COMMON_BLOCKS = YES;
				GCC_OPTIMIZATION_LEVEL = 0;
				GCC_PREPROCESSOR_DEFINITIONS = (
					"DEBUG=1",
					"$(inherited)",
				);
				GCC_WARN_64_TO_32_BIT_CONVERSION = YES;
				GCC_WARN_ABOUT_RETURN_TYPE = YES_ERROR;
				GCC_WARN_UNDECLARED_SELECTOR = YES;
				GCC_WARN_UNINITIALIZED_AUTOS = YES_AGGRESSIVE;
				GCC_WARN_UNUSED_FUNCTION = YES;
				GCC_WARN_UNUSED_VARIABLE = YES;
				MTL_ENABLE_DEBUG_INFO = INCLUDE_SOURCE;
				MTL_FAST_MATH = YES;
				ONLY_ACTIVE_ARCH = YES;
				SWIFT_ACTIVE_COMPILATION_CONDITIONS = DEBUG;
				SWIFT_OPTIMIZATION_LEVEL = "-Onone";
			};
			name = Debug;
		};
		50198108285E3421000A464D /* Release */ = {
			isa = XCBuildConfiguration;
			buildSettings = {
				ALWAYS_SEARCH_USER_PATHS = NO;
				CLANG_ANALYZER_NONNULL = YES;
				CLANG_ANALYZER_NUMBER_OBJECT_CONVERSION = YES_AGGRESSIVE;
				CLANG_CXX_LANGUAGE_STANDARD = "gnu++17";
				CLANG_ENABLE_MODULES = YES;
				CLANG_ENABLE_OBJC_ARC = YES;
				CLANG_ENABLE_OBJC_WEAK = YES;
				CLANG_WARN_BLOCK_CAPTURE_AUTORELEASING = YES;
				CLANG_WARN_BOOL_CONVERSION = YES;
				CLANG_WARN_COMMA = YES;
				CLANG_WARN_CONSTANT_CONVERSION = YES;
				CLANG_WARN_DEPRECATED_OBJC_IMPLEMENTATIONS = YES;
				CLANG_WARN_DIRECT_OBJC_ISA_USAGE = YES_ERROR;
				CLANG_WARN_DOCUMENTATION_COMMENTS = YES;
				CLANG_WARN_EMPTY_BODY = YES;
				CLANG_WARN_ENUM_CONVERSION = YES;
				CLANG_WARN_INFINITE_RECURSION = YES;
				CLANG_WARN_INT_CONVERSION = YES;
				CLANG_WARN_NON_LITERAL_NULL_CONVERSION = YES;
				CLANG_WARN_OBJC_IMPLICIT_RETAIN_SELF = YES;
				CLANG_WARN_OBJC_LITERAL_CONVERSION = YES;
				CLANG_WARN_OBJC_ROOT_CLASS = YES_ERROR;
				CLANG_WARN_QUOTED_INCLUDE_IN_FRAMEWORK_HEADER = YES;
				CLANG_WARN_RANGE_LOOP_ANALYSIS = YES;
				CLANG_WARN_STRICT_PROTOTYPES = YES;
				CLANG_WARN_SUSPICIOUS_MOVE = YES;
				CLANG_WARN_UNGUARDED_AVAILABILITY = YES_AGGRESSIVE;
				CLANG_WARN_UNREACHABLE_CODE = YES;
				CLANG_WARN__DUPLICATE_METHOD_MATCH = YES;
				COPY_PHASE_STRIP = NO;
				DEBUG_INFORMATION_FORMAT = "dwarf-with-dsym";
				ENABLE_NS_ASSERTIONS = NO;
				ENABLE_STRICT_OBJC_MSGSEND = YES;
				GCC_C_LANGUAGE_STANDARD = gnu11;
				GCC_NO_COMMON_BLOCKS = YES;
				GCC_WARN_64_TO_32_BIT_CONVERSION = YES;
				GCC_WARN_ABOUT_RETURN_TYPE = YES_ERROR;
				GCC_WARN_UNDECLARED_SELECTOR = YES;
				GCC_WARN_UNINITIALIZED_AUTOS = YES_AGGRESSIVE;
				GCC_WARN_UNUSED_FUNCTION = YES;
				GCC_WARN_UNUSED_VARIABLE = YES;
				MTL_ENABLE_DEBUG_INFO = NO;
				MTL_FAST_MATH = YES;
				SWIFT_COMPILATION_MODE = wholemodule;
				SWIFT_OPTIMIZATION_LEVEL = "-O";
			};
			name = Release;
		};
		5019810A285E3421000A464D /* Debug */ = {
			isa = XCBuildConfiguration;
			buildSettings = {
				ASSETCATALOG_COMPILER_APPICON_NAME = AppIcon;
				ASSETCATALOG_COMPILER_GLOBAL_ACCENT_COLOR_NAME = AccentColor;
				CODE_SIGN_STYLE = Automatic;
				CURRENT_PROJECT_VERSION = 1;
				ENABLE_PREVIEWS = YES;
				GENERATE_INFOPLIST_FILE = YES;
				INFOPLIST_KEY_UIApplicationSceneManifest_Generation = YES;
				INFOPLIST_KEY_UIApplicationSupportsIndirectInputEvents = YES;
				INFOPLIST_KEY_UILaunchScreen_Generation = YES;
				INFOPLIST_KEY_UISupportedInterfaceOrientations_iPad = "UIInterfaceOrientationPortrait UIInterfaceOrientationPortraitUpsideDown UIInterfaceOrientationLandscapeLeft UIInterfaceOrientationLandscapeRight";
				INFOPLIST_KEY_UISupportedInterfaceOrientations_iPhone = "UIInterfaceOrientationPortrait UIInterfaceOrientationLandscapeLeft UIInterfaceOrientationLandscapeRight";
				IPHONEOS_DEPLOYMENT_TARGET = 15.5;
				LD_RUNPATH_SEARCH_PATHS = (
					"$(inherited)",
					"@executable_path/Frameworks",
				);
				MARKETING_VERSION = 1.0;
				PRODUCT_BUNDLE_IDENTIFIER = com.tripthyme.canyouspeak;
				PRODUCT_NAME = canyouspeak;
				SDKROOT = iphoneos;
				SWIFT_EMIT_LOC_STRINGS = YES;
				SWIFT_VERSION = 5.0;
				TARGETED_DEVICE_FAMILY = "1,2";
			};
			name = Debug;
		};
		5019810B285E3421000A464D /* Release */ = {
			isa = XCBuildConfiguration;
			buildSettings = {
				ASSETCATALOG_COMPILER_APPICON_NAME = AppIcon;
				ASSETCATALOG_COMPILER_GLOBAL_ACCENT_COLOR_NAME = AccentColor;
				CODE_SIGN_STYLE = Automatic;
				CURRENT_PROJECT_VERSION = 1;
				ENABLE_PREVIEWS = YES;
				GENERATE_INFOPLIST_FILE = YES;
				INFOPLIST_KEY_UIApplicationSceneManifest_Generation = YES;
				INFOPLIST_KEY_UIApplicationSupportsIndirectInputEvents = YES;
				INFOPLIST_KEY_UILaunchScreen_Generation = YES;
				INFOPLIST_KEY_UISupportedInterfaceOrientations_iPad = "UIInterfaceOrientationPortrait UIInterfaceOrientationPortraitUpsideDown UIInterfaceOrientationLandscapeLeft UIInterfaceOrientationLandscapeRight";
				INFOPLIST_KEY_UISupportedInterfaceOrientations_iPhone = "UIInterfaceOrientationPortrait UIInterfaceOrientationLandscapeLeft UIInterfaceOrientationLandscapeRight";
				IPHONEOS_DEPLOYMENT_TARGET = 15.5;
				LD_RUNPATH_SEARCH_PATHS = (
					"$(inherited)",
					"@executable_path/Frameworks",
				);
				MARKETING_VERSION = 1.0;
				PRODUCT_BUNDLE_IDENTIFIER = com.tripthyme.canyouspeak;
				PRODUCT_NAME = canyouspeak;
				SDKROOT = iphoneos;
				SWIFT_EMIT_LOC_STRINGS = YES;
				SWIFT_VERSION = 5.0;
				TARGETED_DEVICE_FAMILY = "1,2";
				VALIDATE_PRODUCT = YES;
			};
			name = Release;
		};
		5019810D285E3421000A464D /* Debug */ = {
			isa = XCBuildConfiguration;
			buildSettings = {
				ASSETCATALOG_COMPILER_APPICON_NAME = AppIcon;
				ASSETCATALOG_COMPILER_GLOBAL_ACCENT_COLOR_NAME = AccentColor;
				CODE_SIGN_ENTITLEMENTS = macOS/macOS.entitlements;
				CODE_SIGN_STYLE = Automatic;
				COMBINE_HIDPI_IMAGES = YES;
				CURRENT_PROJECT_VERSION = 1;
				ENABLE_PREVIEWS = YES;
				GENERATE_INFOPLIST_FILE = YES;
				INFOPLIST_KEY_NSHumanReadableCopyright = "";
				LD_RUNPATH_SEARCH_PATHS = (
					"$(inherited)",
					"@executable_path/../Frameworks",
				);
				MACOSX_DEPLOYMENT_TARGET = 12.3;
				MARKETING_VERSION = 1.0;
				PRODUCT_BUNDLE_IDENTIFIER = com.tripthyme.canyouspeak;
				PRODUCT_NAME = canyouspeak;
				SDKROOT = macosx;
				SWIFT_EMIT_LOC_STRINGS = YES;
				SWIFT_VERSION = 5.0;
			};
			name = Debug;
		};
		5019810E285E3421000A464D /* Release */ = {
			isa = XCBuildConfiguration;
			buildSettings = {
				ASSETCATALOG_COMPILER_APPICON_NAME = AppIcon;
				ASSETCATALOG_COMPILER_GLOBAL_ACCENT_COLOR_NAME = AccentColor;
				CODE_SIGN_ENTITLEMENTS = macOS/macOS.entitlements;
				CODE_SIGN_STYLE = Automatic;
				COMBINE_HIDPI_IMAGES = YES;
				CURRENT_PROJECT_VERSION = 1;
				ENABLE_PREVIEWS = YES;
				GENERATE_INFOPLIST_FILE = YES;
				INFOPLIST_KEY_NSHumanReadableCopyright = "";
				LD_RUNPATH_SEARCH_PATHS = (
					"$(inherited)",
					"@executable_path/../Frameworks",
				);
				MACOSX_DEPLOYMENT_TARGET = 12.3;
				MARKETING_VERSION = 1.0;
				PRODUCT_BUNDLE_IDENTIFIER = com.tripthyme.canyouspeak;
				PRODUCT_NAME = canyouspeak;
				SDKROOT = macosx;
				SWIFT_EMIT_LOC_STRINGS = YES;
				SWIFT_VERSION = 5.0;
			};
			name = Release;
		};
		50198110285E3421000A464D /* Debug */ = {
			isa = XCBuildConfiguration;
			buildSettings = {
				ALWAYS_EMBED_SWIFT_STANDARD_LIBRARIES = YES;
				CODE_SIGN_STYLE = Automatic;
				CURRENT_PROJECT_VERSION = 1;
				GENERATE_INFOPLIST_FILE = YES;
				IPHONEOS_DEPLOYMENT_TARGET = 15.5;
				MARKETING_VERSION = 1.0;
				PRODUCT_BUNDLE_IDENTIFIER = "com.tripthyme.Tests-iOS";
				PRODUCT_NAME = "$(TARGET_NAME)";
				SDKROOT = iphoneos;
				SWIFT_EMIT_LOC_STRINGS = NO;
				SWIFT_VERSION = 5.0;
				TARGETED_DEVICE_FAMILY = "1,2";
				TEST_TARGET_NAME = "canyouspeak (iOS)";
			};
			name = Debug;
		};
		50198111285E3421000A464D /* Release */ = {
			isa = XCBuildConfiguration;
			buildSettings = {
				ALWAYS_EMBED_SWIFT_STANDARD_LIBRARIES = YES;
				CODE_SIGN_STYLE = Automatic;
				CURRENT_PROJECT_VERSION = 1;
				GENERATE_INFOPLIST_FILE = YES;
				IPHONEOS_DEPLOYMENT_TARGET = 15.5;
				MARKETING_VERSION = 1.0;
				PRODUCT_BUNDLE_IDENTIFIER = "com.tripthyme.Tests-iOS";
				PRODUCT_NAME = "$(TARGET_NAME)";
				SDKROOT = iphoneos;
				SWIFT_EMIT_LOC_STRINGS = NO;
				SWIFT_VERSION = 5.0;
				TARGETED_DEVICE_FAMILY = "1,2";
				TEST_TARGET_NAME = "canyouspeak (iOS)";
				VALIDATE_PRODUCT = YES;
			};
			name = Release;
		};
		50198113285E3421000A464D /* Debug */ = {
			isa = XCBuildConfiguration;
			buildSettings = {
				ALWAYS_EMBED_SWIFT_STANDARD_LIBRARIES = YES;
				CODE_SIGN_STYLE = Automatic;
				CURRENT_PROJECT_VERSION = 1;
				GENERATE_INFOPLIST_FILE = YES;
				MACOSX_DEPLOYMENT_TARGET = 12.3;
				MARKETING_VERSION = 1.0;
				PRODUCT_BUNDLE_IDENTIFIER = "com.tripthyme.Tests-macOS";
				PRODUCT_NAME = "$(TARGET_NAME)";
				SDKROOT = macosx;
				SWIFT_EMIT_LOC_STRINGS = NO;
				SWIFT_VERSION = 5.0;
				TEST_TARGET_NAME = "canyouspeak (macOS)";
			};
			name = Debug;
		};
		50198114285E3421000A464D /* Release */ = {
			isa = XCBuildConfiguration;
			buildSettings = {
				ALWAYS_EMBED_SWIFT_STANDARD_LIBRARIES = YES;
				CODE_SIGN_STYLE = Automatic;
				CURRENT_PROJECT_VERSION = 1;
				GENERATE_INFOPLIST_FILE = YES;
				MACOSX_DEPLOYMENT_TARGET = 12.3;
				MARKETING_VERSION = 1.0;
				PRODUCT_BUNDLE_IDENTIFIER = "com.tripthyme.Tests-macOS";
				PRODUCT_NAME = "$(TARGET_NAME)";
				SDKROOT = macosx;
				SWIFT_EMIT_LOC_STRINGS = NO;
				SWIFT_VERSION = 5.0;
				TEST_TARGET_NAME = "canyouspeak (macOS)";
			};
			name = Release;
		};
/* End XCBuildConfiguration section */

/* Begin XCConfigurationList section */
		501980D7285E341C000A464D /* Build configuration list for PBXProject "canyouspeak" */ = {
			isa = XCConfigurationList;
			buildConfigurations = (
				50198107285E3421000A464D /* Debug */,
				50198108285E3421000A464D /* Release */,
			);
			defaultConfigurationIsVisible = 0;
			defaultConfigurationName = Release;
		};
		50198109285E3421000A464D /* Build configuration list for PBXNativeTarget "canyouspeak (iOS)" */ = {
			isa = XCConfigurationList;
			buildConfigurations = (
				5019810A285E3421000A464D /* Debug */,
				5019810B285E3421000A464D /* Release */,
			);
			defaultConfigurationIsVisible = 0;
			defaultConfigurationName = Release;
		};
		5019810C285E3421000A464D /* Build configuration list for PBXNativeTarget "canyouspeak (macOS)" */ = {
			isa = XCConfigurationList;
			buildConfigurations = (
				5019810D285E3421000A464D /* Debug */,
				5019810E285E3421000A464D /* Release */,
			);
			defaultConfigurationIsVisible = 0;
			defaultConfigurationName = Release;
		};
		5019810F285E3421000A464D /* Build configuration list for PBXNativeTarget "Tests iOS" */ = {
			isa = XCConfigurationList;
			buildConfigurations = (
				50198110285E3421000A464D /* Debug */,
				50198111285E3421000A464D /* Release */,
			);
			defaultConfigurationIsVisible = 0;
			defaultConfigurationName = Release;
		};
		50198112285E3421000A464D /* Build configuration list for PBXNativeTarget "Tests macOS" */ = {
			isa = XCConfigurationList;
			buildConfigurations = (
				50198113285E3421000A464D /* Debug */,
				50198114285E3421000A464D /* Release */,
			);
			defaultConfigurationIsVisible = 0;
			defaultConfigurationName = Release;
		};
/* End XCConfigurationList section */
	};
	rootObject = 501980D4285E341C000A464D /* Project object */;
}
